
Microsoft Visual Studio Solution File, Format Version 12.00
# Visual Studio Version 16
VisualStudioVersion = 16.0.29613.14
MinimumVisualStudioVersion = 10.0.40219.1
Project("{FAE04EC0-301F-11D3-BF4B-00C04F79EFBC}") = "LampControl", "LampControl.csproj", "{5500521A-5B02-46EC-A006-0CFA7C830723}"
EndProject
Global
	GlobalSection(SolutionConfigurationPlatforms) = preSolution
		Debug|Any CPU = Debug|Any CPU
		Release|Any CPU = Release|Any CPU
	EndGlobalSection
	GlobalSection(ProjectConfigurationPlatforms) = postSolution
		{5500521A-5B02-46EC-A006-0CFA7C830723}.Debug|Any CPU.ActiveCfg = Debug|Any CPU
		{5500521A-5B02-46EC-A006-0CFA7C830723}.Debug|Any CPU.Build.0 = Debug|Any CPU
		{5500521A-5B02-46EC-A006-0CFA7C830723}.Release|Any CPU.ActiveCfg = Release|Any CPU
		{5500521A-5B02-46EC-A006-0CFA7C830723}.Release|Any CPU.Build.0 = Release|Any CPU
	EndGlobalSection
	GlobalSection(SolutionProperties) = preSolution
		HideSolutionNode = FALSE
	EndGlobalSection
	GlobalSection(ExtensibilityGlobals) = postSolution
		SolutionGuid = {11A05CB5-3A65-486E-B4C6-B611DC20CD41}
	EndGlobalSection
EndGlobal
